// !$*UTF8*$!
{
	archiveVersion = 1;
	classes = {
	};
	objectVersion = 56;
	objects = {

/* Begin PBXBuildFile section */
		665C5C6C28DB3A2400CFAA37 /* CryptoSUIApp.swift in Sources */ = {isa = PBXBuildFile; fileRef = 665C5C6B28DB3A2400CFAA37 /* CryptoSUIApp.swift */; };
		665C5C6E28DB3A2400CFAA37 /* MainView.swift in Sources */ = {isa = PBXBuildFile; fileRef = 665C5C6D28DB3A2400CFAA37 /* MainView.swift */; };
		665C5C7028DB3A2700CFAA37 /* Assets.xcassets in Resources */ = {isa = PBXBuildFile; fileRef = 665C5C6F28DB3A2700CFAA37 /* Assets.xcassets */; };
		665C5C7328DB3A2700CFAA37 /* Preview Assets.xcassets in Resources */ = {isa = PBXBuildFile; fileRef = 665C5C7228DB3A2700CFAA37 /* Preview Assets.xcassets */; };
		665C5C7E28DB3B9F00CFAA37 /* CryptoCurrency.swift in Sources */ = {isa = PBXBuildFile; fileRef = 665C5C7D28DB3B9F00CFAA37 /* CryptoCurrency.swift */; };
		665C5C8028DB3EBE00CFAA37 /* WebService.swift in Sources */ = {isa = PBXBuildFile; fileRef = 665C5C7F28DB3EBE00CFAA37 /* WebService.swift */; };
		66855D1428DB4A1000882C7B /* CryptoViewModel.swift in Sources */ = {isa = PBXBuildFile; fileRef = 66855D1328DB4A1000882C7B /* CryptoViewModel.swift */; };
/* End PBXBuildFile section */

/* Begin PBXFileReference section */
		665C5C6828DB3A2400CFAA37 /* CryptoSUI.app */ = {isa = PBXFileReference; explicitFileType = wrapper.application; includeInIndex = 0; path = CryptoSUI.app; sourceTree = BUILT_PRODUCTS_DIR; };
		665C5C6B28DB3A2400CFAA37 /* CryptoSUIApp.swift */ = {isa = PBXFileReference; lastKnownFileType = sourcecode.swift; path = CryptoSUIApp.swift; sourceTree = "<group>"; };
		665C5C6D28DB3A2400CFAA37 /* MainView.swift */ = {isa = PBXFileReference; lastKnownFileType = sourcecode.swift; path = MainView.swift; sourceTree = "<group>"; };
		665C5C6F28DB3A2700CFAA37 /* Assets.xcassets */ = {isa = PBXFileReference; lastKnownFileType = folder.assetcatalog; path = Assets.xcassets; sourceTree = "<group>"; };
		665C5C7228DB3A2700CFAA37 /* Preview Assets.xcassets */ = {isa = PBXFileReference; lastKnownFileType = folder.assetcatalog; path = "Preview Assets.xcassets"; sourceTree = "<group>"; };
		665C5C7D28DB3B9F00CFAA37 /* CryptoCurrency.swift */ = {isa = PBXFileReference; lastKnownFileType = sourcecode.swift; path = CryptoCurrency.swift; sourceTree = "<group>"; };
		665C5C7F28DB3EBE00CFAA37 /* WebService.swift */ = {isa = PBXFileReference; lastKnownFileType = sourcecode.swift; path = WebService.swift; sourceTree = "<group>"; };
		66855D1328DB4A1000882C7B /* CryptoViewModel.swift */ = {isa = PBXFileReference; lastKnownFileType = sourcecode.swift; path = CryptoViewModel.swift; sourceTree = "<group>"; };
/* End PBXFileReference section */

/* Begin PBXFrameworksBuildPhase section */
		665C5C6528DB3A2400CFAA37 /* Frameworks */ = {
			isa = PBXFrameworksBuildPhase;
			buildActionMask = 2147483647;
			files = (
			);
			runOnlyForDeploymentPostprocessing = 0;
		};
/* End PBXFrameworksBuildPhase section */

/* Begin PBXGroup section */
		665C5C5F28DB3A2400CFAA37 = {
			isa = PBXGroup;
			children = (
				665C5C6A28DB3A2400CFAA37 /* CryptoSUI */,
				665C5C6928DB3A2400CFAA37 /* Products */,
			);
			sourceTree = "<group>";
		};
		665C5C6928DB3A2400CFAA37 /* Products */ = {
			isa = PBXGroup;
			children = (
				665C5C6828DB3A2400CFAA37 /* CryptoSUI.app */,
			);
			name = Products;
			sourceTree = "<group>";
		};
		665C5C6A28DB3A2400CFAA37 /* CryptoSUI */ = {
			isa = PBXGroup;
			children = (
				665C5C7C28DB3B4300CFAA37 /* View */,
				665C5C7B28DB3B3000CFAA37 /* Service */,
				665C5C7A28DB3B2800CFAA37 /* ViewModel */,
				665C5C7928DB3B2000CFAA37 /* Model */,
				665C5C6B28DB3A2400CFAA37 /* CryptoSUIApp.swift */,
				665C5C6F28DB3A2700CFAA37 /* Assets.xcassets */,
				665C5C7128DB3A2700CFAA37 /* Preview Content */,
			);
			path = CryptoSUI;
			sourceTree = "<group>";
		};
		665C5C7128DB3A2700CFAA37 /* Preview Content */ = {
			isa = PBXGroup;
			children = (
				665C5C7228DB3A2700CFAA37 /* Preview Assets.xcassets */,
			);
			path = "Preview Content";
			sourceTree = "<group>";
		};
		665C5C7928DB3B2000CFAA37 /* Model */ = {
			isa = PBXGroup;
			children = (
				665C5C7D28DB3B9F00CFAA37 /* CryptoCurrency.swift */,
			);
			path = Model;
			sourceTree = "<group>";
		};
		665C5C7A28DB3B2800CFAA37 /* ViewModel */ = {
			isa = PBXGroup;
			children = (
				66855D1328DB4A1000882C7B /* CryptoViewModel.swift */,
			);
			path = ViewModel;
			sourceTree = "<group>";
		};
		665C5C7B28DB3B3000CFAA37 /* Service */ = {
			isa = PBXGroup;
			children = (
				665C5C7F28DB3EBE00CFAA37 /* WebService.swift */,
			);
			path = Service;
			sourceTree = "<group>";
		};
		665C5C7C28DB3B4300CFAA37 /* View */ = {
			isa = PBXGroup;
			children = (
				665C5C6D28DB3A2400CFAA37 /* MainView.swift */,
			);
			path = View;
			sourceTree = "<group>";
		};
/* End PBXGroup section */

/* Begin PBXNativeTarget section */
		665C5C6728DB3A2400CFAA37 /* CryptoSUI */ = {
			isa = PBXNativeTarget;
			buildConfigurationList = 665C5C7628DB3A2700CFAA37 /* Build configuration list for PBXNativeTarget "CryptoSUI" */;
			buildPhases = (
				665C5C6428DB3A2400CFAA37 /* Sources */,
				665C5C6528DB3A2400CFAA37 /* Frameworks */,
				665C5C6628DB3A2400CFAA37 /* Resources */,
			);
			buildRules = (
			);
			dependencies = (
			);
			name = CryptoSUI;
			productName = CryptoSUI;
			productReference = 665C5C6828DB3A2400CFAA37 /* CryptoSUI.app */;
			productType = "com.apple.product-type.application";
		};
/* End PBXNativeTarget section */

/* Begin PBXProject section */
		665C5C6028DB3A2400CFAA37 /* Project object */ = {
			isa = PBXProject;
			attributes = {
				BuildIndependentTargetsInParallel = 1;
				LastSwiftUpdateCheck = 1400;
				LastUpgradeCheck = 1400;
				TargetAttributes = {
					665C5C6728DB3A2400CFAA37 = {
						CreatedOnToolsVersion = 14.0;
					};
				};
			};
			buildConfigurationList = 665C5C6328DB3A2400CFAA37 /* Build configuration list for PBXProject "CryptoSUI" */;
			compatibilityVersion = "Xcode 14.0";
			developmentRegion = en;
			hasScannedForEncodings = 0;
			knownRegions = (
				en,
				Base,
			);
			mainGroup = 665C5C5F28DB3A2400CFAA37;
			productRefGroup = 665C5C6928DB3A2400CFAA37 /* Products */;
			projectDirPath = "";
			projectRoot = "";
			targets = (
				665C5C6728DB3A2400CFAA37 /* CryptoSUI */,
			);
		};
/* End PBXProject section */

/* Begin PBXResourcesBuildPhase section */
		665C5C6628DB3A2400CFAA37 /* Resources */ = {
			isa = PBXResourcesBuildPhase;
			buildActionMask = 2147483647;
			files = (
				665C5C7328DB3A2700CFAA37 /* Preview Assets.xcassets in Resources */,
				665C5C7028DB3A2700CFAA37 /* Assets.xcassets in Resources */,
			);
			runOnlyForDeploymentPostprocessing = 0;
		};
/* End PBXResourcesBuildPhase section */

/* Begin PBXSourcesBuildPhase section */
		665C5C6428DB3A2400CFAA37 /* Sources */ = {
			isa = PBXSourcesBuildPhase;
			buildActionMask = 2147483647;
			files = (
				665C5C6E28DB3A2400CFAA37 /* MainView.swift in Sources */,
				665C5C7E28DB3B9F00CFAA37 /* CryptoCurrency.swift in Sources */,
				665C5C8028DB3EBE00CFAA37 /* WebService.swift in Sources */,
				665C5C6C28DB3A2400CFAA37 /* CryptoSUIApp.swift in Sources */,
				66855D1428DB4A1000882C7B /* CryptoViewModel.swift in Sources */,
			);
			runOnlyForDeploymentPostprocessing = 0;
		};
/* End PBXSourcesBuildPhase section */

/* Begin XCBuildConfiguration section */
		665C5C7428DB3A2700CFAA37 /* Debug */ = {
			isa = XCBuildConfiguration;
			buildSettings = {
				ALWAYS_SEARCH_USER_PATHS = NO;
				CLANG_ANALYZER_NONNULL = YES;
				CLANG_ANALYZER_NUMBER_OBJECT_CONVERSION = YES_AGGRESSIVE;
				CLANG_CXX_LANGUAGE_STANDARD = "gnu++20";
				CLANG_ENABLE_MODULES = YES;
				CLANG_ENABLE_OBJC_ARC = YES;
				CLANG_ENABLE_OBJC_WEAK = YES;
				CLANG_WARN_BLOCK_CAPTURE_AUTORELEASING = YES;
				CLANG_WARN_BOOL_CONVERSION = YES;
				CLANG_WARN_COMMA = YES;
				CLANG_WARN_CONSTANT_CONVERSION = YES;
				CLANG_WARN_DEPRECATED_OBJC_IMPLEMENTATIONS = YES;
				CLANG_WARN_DIRECT_OBJC_ISA_USAGE = YES_ERROR;
				CLANG_WARN_DOCUMENTATION_COMMENTS = YES;
				CLANG_WARN_EMPTY_BODY = YES;
				CLANG_WARN_ENUM_CONVERSION = YES;
				CLANG_WARN_INFINITE_RECURSION = YES;
				CLANG_WARN_INT_CONVERSION = YES;
				CLANG_WARN_NON_LITERAL_NULL_CONVERSION = YES;
				CLANG_WARN_OBJC_IMPLICIT_RETAIN_SELF = YES;
				CLANG_WARN_OBJC_LITERAL_CONVERSION = YES;
				CLANG_WARN_OBJC_ROOT_CLASS = YES_ERROR;
				CLANG_WARN_QUOTED_INCLUDE_IN_FRAMEWORK_HEADER = YES;
				CLANG_WARN_RANGE_LOOP_ANALYSIS = YES;
				CLANG_WARN_STRICT_PROTOTYPES = YES;
				CLANG_WARN_SUSPICIOUS_MOVE = YES;
				CLANG_WARN_UNGUARDED_AVAILABILITY = YES_AGGRESSIVE;
				CLANG_WARN_UNREACHABLE_CODE = YES;
				CLANG_WARN__DUPLICATE_METHOD_MATCH = YES;
				COPY_PHASE_STRIP = NO;
				DEBUG_INFORMATION_FORMAT = dwarf;
				ENABLE_STRICT_OBJC_MSGSEND = YES;
				ENABLE_TESTABILITY = YES;
				GCC_C_LANGUAGE_STANDARD = gnu11;
				GCC_DYNAMIC_NO_PIC = NO;
				GCC_NO_COMMON_BLOCKS = YES;
				GCC_OPTIMIZATION_LEVEL = 0;
				GCC_PREPROCESSOR_DEFINITIONS = (
					"DEBUG=1",
					"$(inherited)",
				);
				GCC_WARN_64_TO_32_BIT_CONVERSION = YES;
				GCC_WARN_ABOUT_RETURN_TYPE = YES_ERROR;
				GCC_WARN_UNDECLARED_SELECTOR = YES;
				GCC_WARN_UNINITIALIZED_AUTOS = YES_AGGRESSIVE;
				GCC_WARN_UNUSED_FUNCTION = YES;
				GCC_WARN_UNUSED_VARIABLE = YES;
				IPHONEOS_DEPLOYMENT_TARGET = 16.0;
				MTL_ENABLE_DEBUG_INFO = INCLUDE_SOURCE;
				MTL_FAST_MATH = YES;
				ONLY_ACTIVE_ARCH = YES;
				SDKROOT = iphoneos;
				SWIFT_ACTIVE_COMPILATION_CONDITIONS = DEBUG;
				SWIFT_OPTIMIZATION_LEVEL = "-Onone";
			};
			name = Debug;
		};
		665C5C7528DB3A2700CFAA37 /* Release */ = {
			isa = XCBuildConfiguration;
			buildSettings = {
				ALWAYS_SEARCH_USER_PATHS = NO;
				CLANG_ANALYZER_NONNULL = YES;
				CLANG_ANALYZER_NUMBER_OBJECT_CONVERSION = YES_AGGRESSIVE;
				CLANG_CXX_LANGUAGE_STANDARD = "gnu++20";
				CLANG_ENABLE_MODULES = YES;
				CLANG_ENABLE_OBJC_ARC = YES;
				CLANG_ENABLE_OBJC_WEAK = YES;
				CLANG_WARN_BLOCK_CAPTURE_AUTORELEASING = YES;
				CLANG_WARN_BOOL_CONVERSION = YES;
				CLANG_WARN_COMMA = YES;
				CLANG_WARN_CONSTANT_CONVERSION = YES;
				CLANG_WARN_DEPRECATED_OBJC_IMPLEMENTATIONS = YES;
				CLANG_WARN_DIRECT_OBJC_ISA_USAGE = YES_ERROR;
				CLANG_WARN_DOCUMENTATION_COMMENTS = YES;
				CLANG_WARN_EMPTY_BODY = YES;
				CLANG_WARN_ENUM_CONVERSION = YES;
				CLANG_WARN_INFINITE_RECURSION = YES;
				CLANG_WARN_INT_CONVERSION = YES;
				CLANG_WARN_NON_LITERAL_NULL_CONVERSION = YES;
				CLANG_WARN_OBJC_IMPLICIT_RETAIN_SELF = YES;
				CLANG_WARN_OBJC_LITERAL_CONVERSION = YES;
				CLANG_WARN_OBJC_ROOT_CLASS = YES_ERROR;
				CLANG_WARN_QUOTED_INCLUDE_IN_FRAMEWORK_HEADER = YES;
				CLANG_WARN_RANGE_LOOP_ANALYSIS = YES;
				CLANG_WARN_STRICT_PROTOTYPES = YES;
				CLANG_WARN_SUSPICIOUS_MOVE = YES;
				CLANG_WARN_UNGUARDED_AVAILABILITY = YES_AGGRESSIVE;
				CLANG_WARN_UNREACHABLE_CODE = YES;
				CLANG_WARN__DUPLICATE_METHOD_MATCH = YES;
				COPY_PHASE_STRIP = NO;
				DEBUG_INFORMATION_FORMAT = "dwarf-with-dsym";
				ENABLE_NS_ASSERTIONS = NO;
				ENABLE_STRICT_OBJC_MSGSEND = YES;
				GCC_C_LANGUAGE_STANDARD = gnu11;
				GCC_NO_COMMON_BLOCKS = YES;
				GCC_WARN_64_TO_32_BIT_CONVERSION = YES;
				GCC_WARN_ABOUT_RETURN_TYPE = YES_ERROR;
				GCC_WARN_UNDECLARED_SELECTOR = YES;
				GCC_WARN_UNINITIALIZED_AUTOS = YES_AGGRESSIVE;
				GCC_WARN_UNUSED_FUNCTION = YES;
				GCC_WARN_UNUSED_VARIABLE = YES;
				IPHONEOS_DEPLOYMENT_TARGET = 16.0;
				MTL_ENABLE_DEBUG_INFO = NO;
				MTL_FAST_MATH = YES;
				SDKROOT = iphoneos;
				SWIFT_COMPILATION_MODE = wholemodule;
				SWIFT_OPTIMIZATION_LEVEL = "-O";
				VALIDATE_PRODUCT = YES;
			};
			name = Release;
		};
		665C5C7728DB3A2700CFAA37 /* Debug */ = {
			isa = XCBuildConfiguration;
			buildSettings = {
				ASSETCATALOG_COMPILER_APPICON_NAME = AppIcon;
				ASSETCATALOG_COMPILER_GLOBAL_ACCENT_COLOR_NAME = AccentColor;
				CODE_SIGN_STYLE = Automatic;
				CURRENT_PROJECT_VERSION = 1;
				DEVELOPMENT_ASSET_PATHS = "\"CryptoSUI/Preview Content\"";
				DEVELOPMENT_TEAM = VW8GT67P82;
				ENABLE_PREVIEWS = YES;
				GENERATE_INFOPLIST_FILE = YES;
				INFOPLIST_KEY_UIApplicationSceneManifest_Generation = YES;
				INFOPLIST_KEY_UIApplicationSupportsIndirectInputEvents = YES;
				INFOPLIST_KEY_UILaunchScreen_Generation = YES;
				INFOPLIST_KEY_UISupportedInterfaceOrientations_iPad = "UIInterfaceOrientationPortrait UIInterfaceOrientationPortraitUpsideDown UIInterfaceOrientationLandscapeLeft UIInterfaceOrientationLandscapeRight";
				INFOPLIST_KEY_UISupportedInterfaceOrientations_iPhone = "UIInterfaceOrientationPortrait UIInterfaceOrientationLandscapeLeft UIInterfaceOrientationLandscapeRight";
				IPHONEOS_DEPLOYMENT_TARGET = 15.0;
				LD_RUNPATH_SEARCH_PATHS = (
					"$(inherited)",
					"@executable_path/Frameworks",
				);
				MARKETING_VERSION = 1.0;
				PRODUCT_BUNDLE_IDENTIFIER = com.tunaytoksoz.CryptoSUI;
				PRODUCT_NAME = "$(TARGET_NAME)";
				SWIFT_EMIT_LOC_STRINGS = YES;
				SWIFT_VERSION = 5.0;
				TARGETED_DEVICE_FAMILY = "1,2";
			};
			name = Debug;
		};
		665C5C7828DB3A2700CFAA37 /* Release */ = {
			isa = XCBuildConfiguration;
			buildSettings = {
				ASSETCATALOG_COMPILER_APPICON_NAME = AppIcon;
				ASSETCATALOG_COMPILER_GLOBAL_ACCENT_COLOR_NAME = AccentColor;
				CODE_SIGN_STYLE = Automatic;
				CURRENT_PROJECT_VERSION = 1;
				DEVELOPMENT_ASSET_PATHS = "\"CryptoSUI/Preview Content\"";
				DEVELOPMENT_TEAM = VW8GT67P82;
				ENABLE_PREVIEWS = YES;
				GENERATE_INFOPLIST_FILE = YES;
				INFOPLIST_KEY_UIApplicationSceneManifest_Generation = YES;
				INFOPLIST_KEY_UIApplicationSupportsIndirectInputEvents = YES;
				INFOPLIST_KEY_UILaunchScreen_Generation = YES;
				INFOPLIST_KEY_UISupportedInterfaceOrientations_iPad = "UIInterfaceOrientationPortrait UIInterfaceOrientationPortraitUpsideDown UIInterfaceOrientationLandscapeLeft UIInterfaceOrientationLandscapeRight";
				INFOPLIST_KEY_UISupportedInterfaceOrientations_iPhone = "UIInterfaceOrientationPortrait UIInterfaceOrientationLandscapeLeft UIInterfaceOrientationLandscapeRight";
				IPHONEOS_DEPLOYMENT_TARGET = 15.0;
				LD_RUNPATH_SEARCH_PATHS = (
					"$(inherited)",
					"@executable_path/Frameworks",
				);
				MARKETING_VERSION = 1.0;
				PRODUCT_BUNDLE_IDENTIFIER = com.tunaytoksoz.CryptoSUI;
				PRODUCT_NAME = "$(TARGET_NAME)";
				SWIFT_EMIT_LOC_STRINGS = YES;
				SWIFT_VERSION = 5.0;
				TARGETED_DEVICE_FAMILY = "1,2";
			};
			name = Release;
		};
/* End XCBuildConfiguration section */

/* Begin XCConfigurationList section */
		665C5C6328DB3A2400CFAA37 /* Build configuration list for PBXProject "CryptoSUI" */ = {
			isa = XCConfigurationList;
			buildConfigurations = (
				665C5C7428DB3A2700CFAA37 /* Debug */,
				665C5C7528DB3A2700CFAA37 /* Release */,
			);
			defaultConfigurationIsVisible = 0;
			defaultConfigurationName = Release;
		};
		665C5C7628DB3A2700CFAA37 /* Build configuration list for PBXNativeTarget "CryptoSUI" */ = {
			isa = XCConfigurationList;
			buildConfigurations = (
				665C5C7728DB3A2700CFAA37 /* Debug */,
				665C5C7828DB3A2700CFAA37 /* Release */,
			);
			defaultConfigurationIsVisible = 0;
			defaultConfigurationName = Release;
		};
/* End XCConfigurationList section */
	};
	rootObject = 665C5C6028DB3A2400CFAA37 /* Project object */;
}
